
Microsoft Visual Studio Solution File, Format Version 12.00
Project("{FAE04EC0-301F-11D3-BF4B-00C04F79EFBC}") = "MyFristApp", "MyFristApp\MyFristApp.csproj", "{F37146E7-8D3A-4AD1-AF64-5A191188612E}"
EndProject
Global
	GlobalSection(SolutionConfigurationPlatforms) = preSolution
		Debug|Any CPU = Debug|Any CPU
		Release|Any CPU = Release|Any CPU
	EndGlobalSection
	GlobalSection(ProjectConfigurationPlatforms) = postSolution
		{F37146E7-8D3A-4AD1-AF64-5A191188612E}.Debug|Any CPU.ActiveCfg = Debug|Any CPU
		{F37146E7-8D3A-4AD1-AF64-5A191188612E}.Debug|Any CPU.Build.0 = Debug|Any CPU
		{F37146E7-8D3A-4AD1-AF64-5A191188612E}.Release|Any CPU.ActiveCfg = Release|Any CPU
		{F37146E7-8D3A-4AD1-AF64-5A191188612E}.Release|Any CPU.Build.0 = Release|Any CPU
	EndGlobalSection
EndGlobal
